
Microsoft Visual Studio Solution File, Format Version 12.00
# Visual Studio Version 17
VisualStudioVersion = 17.13.35818.85 d17.13
MinimumVisualStudioVersion = 10.0.40219.1
Project("{FAE04EC0-301F-11D3-BF4B-00C04F79EFBC}") = "tpmodul5_103022300109", "tpmodul5_103022300109.csproj", "{F12C78D3-E9B4-4DD7-83EC-F089B80359A6}"
EndProject
Global
	GlobalSection(SolutionConfigurationPlatforms) = preSolution
		Debug|Any CPU = Debug|Any CPU
		Release|Any CPU = Release|Any CPU
	EndGlobalSection
	GlobalSection(ProjectConfigurationPlatforms) = postSolution
		{F12C78D3-E9B4-4DD7-83EC-F089B80359A6}.Debug|Any CPU.ActiveCfg = Debug|Any CPU
		{F12C78D3-E9B4-4DD7-83EC-F089B80359A6}.Debug|Any CPU.Build.0 = Debug|Any CPU
		{F12C78D3-E9B4-4DD7-83EC-F089B80359A6}.Release|Any CPU.ActiveCfg = Release|Any CPU
		{F12C78D3-E9B4-4DD7-83EC-F089B80359A6}.Release|Any CPU.Build.0 = Release|Any CPU
	EndGlobalSection
	GlobalSection(SolutionProperties) = preSolution
		HideSolutionNode = FALSE
	EndGlobalSection
	GlobalSection(ExtensibilityGlobals) = postSolution
		SolutionGuid = {46A6AAE5-3808-4578-972B-1FC3B6F22887}
	EndGlobalSection
EndGlobal
